// !$*UTF8*$!
{
	archiveVersion = 1;
	classes = {
	};
	objectVersion = 77;
	objects = {

/* Begin PBXBuildFile section */
		057781B116A9462CBE11359E /* AlbumDetailView.swift in Sources */ = {isa = PBXBuildFile; fileRef = 4779E9DDC46EC04145D6623E /* AlbumDetailView.swift */; };
		0A37C51C11314DA803953853 /* ChatManager.swift in Sources */ = {isa = PBXBuildFile; fileRef = B48C3C4D51AAACFE413EA6FA /* ChatManager.swift */; };
		0B68606081EA5CEC92AF43E7 /* ArtistDetailView.swift in Sources */ = {isa = PBXBuildFile; fileRef = E4B030288F2BE08F03700AA2 /* ArtistDetailView.swift */; };
		1B6DDE0D046876A609766742 /* Theme.swift in Sources */ = {isa = PBXBuildFile; fileRef = 8475B580F8D6708739832853 /* Theme.swift */; };
		2F9DC886815C5B0DCD413FF6 /* PlaylistDetailView.swift in Sources */ = {isa = PBXBuildFile; fileRef = D6C5AA50FF0B6E4172757CE9 /* PlaylistDetailView.swift */; };
		35AE60EB6D0E2970113EA176 /* AudioPlayerManager.swift in Sources */ = {isa = PBXBuildFile; fileRef = 27736866012C88F63281274C /* AudioPlayerManager.swift */; };
		3BBA410EC893C76C19AF8C5E /* NetworkManager.swift in Sources */ = {isa = PBXBuildFile; fileRef = 1BA201F39776718B485DA939 /* NetworkManager.swift */; };
		4B48E646BA994DDE96FFB482 /* PKPMusicApp.swift in Sources */ = {isa = PBXBuildFile; fileRef = C0928722C577CE95F6978763 /* PKPMusicApp.swift */; };
		4CB40B5E9B6BC30218FFAEF5 /* Playlist.swift in Sources */ = {isa = PBXBuildFile; fileRef = CF90F15A8E6145CA7E4C5434 /* Playlist.swift */; };
		4EB125A96F772AB4CB107B1C /* CarPlayManager.swift in Sources */ = {isa = PBXBuildFile; fileRef = 3914972D938D7CE089F0B40F /* CarPlayManager.swift */; };
		643B1D63B5D890A1EC76FEB2 /* Song.swift in Sources */ = {isa = PBXBuildFile; fileRef = C8B70FFD7A8A7C1DA656F739 /* Song.swift */; };
		6B5877E7ED88D58088440A6E /* FullScreenPlayerView.swift in Sources */ = {isa = PBXBuildFile; fileRef = 6EDACEDD2DB4FEEB7B75FAC8 /* FullScreenPlayerView.swift */; };
		72E5DA9EE3D08D484D578AEC /* AuthManager.swift in Sources */ = {isa = PBXBuildFile; fileRef = 92EBC5B752757F6697FF7DD5 /* AuthManager.swift */; };
		76CD6DB86A21DF663A5203C0 /* Dashboard.swift in Sources */ = {isa = PBXBuildFile; fileRef = D9CB28E0147A36820AC16F2C /* Dashboard.swift */; };
		772380740F172F20951F637D /* PlaceholderViews.swift in Sources */ = {isa = PBXBuildFile; fileRef = E782F9376F6F19E7320C5D56 /* PlaceholderViews.swift */; };
		7D21126AFF1157772F59652F /* ChatDetailView.swift in Sources */ = {isa = PBXBuildFile; fileRef = 53F4BF55E063DD353E4F8388 /* ChatDetailView.swift */; };
		8543B60241E2CFD100F25B0F /* LoginView.swift in Sources */ = {isa = PBXBuildFile; fileRef = 8FE2ADA26C996225E4AF731A /* LoginView.swift */; };
		904DAC352A7B3C1ED0D4EE0C /* Social.swift in Sources */ = {isa = PBXBuildFile; fileRef = 4D4A57AB49F22BE9ED65C03F /* Social.swift */; };
		90A37AD95A916A949FE428F6 /* MoodPlaylistsView.swift in Sources */ = {isa = PBXBuildFile; fileRef = B1E1F098B3B481507E599268 /* MoodPlaylistsView.swift */; };
		9F37610BC62C85429D9F9683 /* LocalAlbumDetailView.swift in Sources */ = {isa = PBXBuildFile; fileRef = 7E748B6899C0D9FC56DED164 /* LocalAlbumDetailView.swift */; };
		AEDDBDCE7A9CCE65003CDBB3 /* HomeView.swift in Sources */ = {isa = PBXBuildFile; fileRef = FFD1D54F3DD0846C95829B65 /* HomeView.swift */; };
		B3A376C70FB000B9575940FB /* AppDelegate.swift in Sources */ = {isa = PBXBuildFile; fileRef = 8A752344978A7692AE8B7D2D /* AppDelegate.swift */; };
		B3D553FCF3340C8CF9531205 /* ContentView.swift in Sources */ = {isa = PBXBuildFile; fileRef = 34E815EF6CAAADE1B4A603F4 /* ContentView.swift */; };
		B91D1E0E47C5F53B39960BCC /* CarPlaySceneDelegate.swift in Sources */ = {isa = PBXBuildFile; fileRef = 67FD19FB07A85633E97E889F /* CarPlaySceneDelegate.swift */; };
		C39465C1D2629881343AC1A0 /* ForgotPasswordView.swift in Sources */ = {isa = PBXBuildFile; fileRef = 21A490D5F03F491482F708A2 /* ForgotPasswordView.swift */; };
		C9DB835A5A37197BE2053C40 /* LibraryView.swift in Sources */ = {isa = PBXBuildFile; fileRef = E6A6EA2C632A277807DE3540 /* LibraryView.swift */; };
		D6F42A03E900AECC84948A14 /* Assets.xcassets in Resources */ = {isa = PBXBuildFile; fileRef = 2B3E441871C76D261D3CB668 /* Assets.xcassets */; };
		DA92A2F1FF490CC7F8E7A881 /* MiniPlayerView.swift in Sources */ = {isa = PBXBuildFile; fileRef = 0F8766E50A5884AAB29C7D85 /* MiniPlayerView.swift */; };
		E1B2E59D387B0A76DE45543F /* ChatListView.swift in Sources */ = {isa = PBXBuildFile; fileRef = 423B48BC5A2BD93EA1A20FBC /* ChatListView.swift */; };
		E38E5AEB8CEDF7DE1465C4F9 /* WebView.swift in Sources */ = {isa = PBXBuildFile; fileRef = 5E626E7E36CBA6BA6DD314CF /* WebView.swift */; };
		E484B3B3364C2AF009A7935F /* YouTube.swift in Sources */ = {isa = PBXBuildFile; fileRef = B7C0FCC8CB596FAA81D753C9 /* YouTube.swift */; };
		E5112B0075B3AEA60D045F24 /* SongRowView.swift in Sources */ = {isa = PBXBuildFile; fileRef = 697918E063F38DC9FC6204CE /* SongRowView.swift */; };
		F45E75B249FB758A6211BFA6 /* RegisterView.swift in Sources */ = {isa = PBXBuildFile; fileRef = 327B5FD08B09E2933D5EA2FD /* RegisterView.swift */; };
/* End PBXBuildFile section */

/* Begin PBXFileReference section */
		0F8766E50A5884AAB29C7D85 /* MiniPlayerView.swift */ = {isa = PBXFileReference; lastKnownFileType = sourcecode.swift; path = MiniPlayerView.swift; sourceTree = "<group>"; };
		1BA201F39776718B485DA939 /* NetworkManager.swift */ = {isa = PBXFileReference; lastKnownFileType = sourcecode.swift; path = NetworkManager.swift; sourceTree = "<group>"; };
		21A490D5F03F491482F708A2 /* ForgotPasswordView.swift */ = {isa = PBXFileReference; lastKnownFileType = sourcecode.swift; path = ForgotPasswordView.swift; sourceTree = "<group>"; };
		27736866012C88F63281274C /* AudioPlayerManager.swift */ = {isa = PBXFileReference; lastKnownFileType = sourcecode.swift; path = AudioPlayerManager.swift; sourceTree = "<group>"; };
		2B3E441871C76D261D3CB668 /* Assets.xcassets */ = {isa = PBXFileReference; lastKnownFileType = folder.assetcatalog; path = Assets.xcassets; sourceTree = "<group>"; };
		327B5FD08B09E2933D5EA2FD /* RegisterView.swift */ = {isa = PBXFileReference; lastKnownFileType = sourcecode.swift; path = RegisterView.swift; sourceTree = "<group>"; };
		34E815EF6CAAADE1B4A603F4 /* ContentView.swift */ = {isa = PBXFileReference; lastKnownFileType = sourcecode.swift; path = ContentView.swift; sourceTree = "<group>"; };
		3914972D938D7CE089F0B40F /* CarPlayManager.swift */ = {isa = PBXFileReference; lastKnownFileType = sourcecode.swift; path = CarPlayManager.swift; sourceTree = "<group>"; };
		423B48BC5A2BD93EA1A20FBC /* ChatListView.swift */ = {isa = PBXFileReference; lastKnownFileType = sourcecode.swift; path = ChatListView.swift; sourceTree = "<group>"; };
		4779E9DDC46EC04145D6623E /* AlbumDetailView.swift */ = {isa = PBXFileReference; lastKnownFileType = sourcecode.swift; path = AlbumDetailView.swift; sourceTree = "<group>"; };
		4D4A57AB49F22BE9ED65C03F /* Social.swift */ = {isa = PBXFileReference; lastKnownFileType = sourcecode.swift; path = Social.swift; sourceTree = "<group>"; };
		53F4BF55E063DD353E4F8388 /* ChatDetailView.swift */ = {isa = PBXFileReference; lastKnownFileType = sourcecode.swift; path = ChatDetailView.swift; sourceTree = "<group>"; };
		5E626E7E36CBA6BA6DD314CF /* WebView.swift */ = {isa = PBXFileReference; lastKnownFileType = sourcecode.swift; path = WebView.swift; sourceTree = "<group>"; };
		67FD19FB07A85633E97E889F /* CarPlaySceneDelegate.swift */ = {isa = PBXFileReference; lastKnownFileType = sourcecode.swift; path = CarPlaySceneDelegate.swift; sourceTree = "<group>"; };
		697918E063F38DC9FC6204CE /* SongRowView.swift */ = {isa = PBXFileReference; lastKnownFileType = sourcecode.swift; path = SongRowView.swift; sourceTree = "<group>"; };
		6EDACEDD2DB4FEEB7B75FAC8 /* FullScreenPlayerView.swift */ = {isa = PBXFileReference; lastKnownFileType = sourcecode.swift; path = FullScreenPlayerView.swift; sourceTree = "<group>"; };
		704E89C315B54C726945A735 /* PKPMusic.app */ = {isa = PBXFileReference; explicitFileType = wrapper.application; includeInIndex = 0; path = PKPMusic.app; sourceTree = BUILT_PRODUCTS_DIR; };
		7E748B6899C0D9FC56DED164 /* LocalAlbumDetailView.swift */ = {isa = PBXFileReference; lastKnownFileType = sourcecode.swift; path = LocalAlbumDetailView.swift; sourceTree = "<group>"; };
		8475B580F8D6708739832853 /* Theme.swift */ = {isa = PBXFileReference; lastKnownFileType = sourcecode.swift; path = Theme.swift; sourceTree = "<group>"; };
		8A2DE9A318F31838B0D5EDE6 /* Info.plist */ = {isa = PBXFileReference; lastKnownFileType = text.plist; path = Info.plist; sourceTree = "<group>"; };
		8A752344978A7692AE8B7D2D /* AppDelegate.swift */ = {isa = PBXFileReference; lastKnownFileType = sourcecode.swift; path = AppDelegate.swift; sourceTree = "<group>"; };
		8FE2ADA26C996225E4AF731A /* LoginView.swift */ = {isa = PBXFileReference; lastKnownFileType = sourcecode.swift; path = LoginView.swift; sourceTree = "<group>"; };
		92EBC5B752757F6697FF7DD5 /* AuthManager.swift */ = {isa = PBXFileReference; lastKnownFileType = sourcecode.swift; path = AuthManager.swift; sourceTree = "<group>"; };
		B1E1F098B3B481507E599268 /* MoodPlaylistsView.swift */ = {isa = PBXFileReference; lastKnownFileType = sourcecode.swift; path = MoodPlaylistsView.swift; sourceTree = "<group>"; };
		B48C3C4D51AAACFE413EA6FA /* ChatManager.swift */ = {isa = PBXFileReference; lastKnownFileType = sourcecode.swift; path = ChatManager.swift; sourceTree = "<group>"; };
		B7C0FCC8CB596FAA81D753C9 /* YouTube.swift */ = {isa = PBXFileReference; lastKnownFileType = sourcecode.swift; path = YouTube.swift; sourceTree = "<group>"; };
		C0928722C577CE95F6978763 /* PKPMusicApp.swift */ = {isa = PBXFileReference; lastKnownFileType = sourcecode.swift; path = PKPMusicApp.swift; sourceTree = "<group>"; };
		C8B70FFD7A8A7C1DA656F739 /* Song.swift */ = {isa = PBXFileReference; lastKnownFileType = sourcecode.swift; path = Song.swift; sourceTree = "<group>"; };
		CF90F15A8E6145CA7E4C5434 /* Playlist.swift */ = {isa = PBXFileReference; lastKnownFileType = sourcecode.swift; path = Playlist.swift; sourceTree = "<group>"; };
		D6C5AA50FF0B6E4172757CE9 /* PlaylistDetailView.swift */ = {isa = PBXFileReference; lastKnownFileType = sourcecode.swift; path = PlaylistDetailView.swift; sourceTree = "<group>"; };
		D9CB28E0147A36820AC16F2C /* Dashboard.swift */ = {isa = PBXFileReference; lastKnownFileType = sourcecode.swift; path = Dashboard.swift; sourceTree = "<group>"; };
		E4B030288F2BE08F03700AA2 /* ArtistDetailView.swift */ = {isa = PBXFileReference; lastKnownFileType = sourcecode.swift; path = ArtistDetailView.swift; sourceTree = "<group>"; };
		E6A6EA2C632A277807DE3540 /* LibraryView.swift */ = {isa = PBXFileReference; lastKnownFileType = sourcecode.swift; path = LibraryView.swift; sourceTree = "<group>"; };
		E782F9376F6F19E7320C5D56 /* PlaceholderViews.swift */ = {isa = PBXFileReference; lastKnownFileType = sourcecode.swift; path = PlaceholderViews.swift; sourceTree = "<group>"; };
		FFD1D54F3DD0846C95829B65 /* HomeView.swift */ = {isa = PBXFileReference; lastKnownFileType = sourcecode.swift; path = HomeView.swift; sourceTree = "<group>"; };
/* End PBXFileReference section */

/* Begin PBXGroup section */
		0EF10A45797BE1965B3FB188 /* Models */ = {
			isa = PBXGroup;
			children = (
				D9CB28E0147A36820AC16F2C /* Dashboard.swift */,
				CF90F15A8E6145CA7E4C5434 /* Playlist.swift */,
				4D4A57AB49F22BE9ED65C03F /* Social.swift */,
				C8B70FFD7A8A7C1DA656F739 /* Song.swift */,
				B7C0FCC8CB596FAA81D753C9 /* YouTube.swift */,
			);
			path = Models;
			sourceTree = "<group>";
		};
		3EACDBCC8637F6EAD4076D10 /* Views */ = {
			isa = PBXGroup;
			children = (
				67A6F54B74FF1042173B3880 /* Auth */,
				C02DE1DDEB4544B93B3D4FFC /* Chat */,
				518D5A9B9428326DF6398CF1 /* Components */,
				954BA68F5265A292D526393B /* Home */,
				FB723C9C38A8DEA794819787 /* Library */,
				A7AB0A9B94A6277F24D6526D /* Main */,
			);
			path = Views;
			sourceTree = "<group>";
		};
		518D5A9B9428326DF6398CF1 /* Components */ = {
			isa = PBXGroup;
			children = (
				6EDACEDD2DB4FEEB7B75FAC8 /* FullScreenPlayerView.swift */,
				0F8766E50A5884AAB29C7D85 /* MiniPlayerView.swift */,
				E782F9376F6F19E7320C5D56 /* PlaceholderViews.swift */,
				697918E063F38DC9FC6204CE /* SongRowView.swift */,
				8475B580F8D6708739832853 /* Theme.swift */,
				5E626E7E36CBA6BA6DD314CF /* WebView.swift */,
			);
			path = Components;
			sourceTree = "<group>";
		};
		5E45829FB4929B5B02B3D3B8 /* Products */ = {
			isa = PBXGroup;
			children = (
				704E89C315B54C726945A735 /* PKPMusic.app */,
			);
			name = Products;
			sourceTree = "<group>";
		};
		67A6F54B74FF1042173B3880 /* Auth */ = {
			isa = PBXGroup;
			children = (
				21A490D5F03F491482F708A2 /* ForgotPasswordView.swift */,
				8FE2ADA26C996225E4AF731A /* LoginView.swift */,
				327B5FD08B09E2933D5EA2FD /* RegisterView.swift */,
			);
			path = Auth;
			sourceTree = "<group>";
		};
		695D33B8743BB93D4445E503 /* Shared */ = {
			isa = PBXGroup;
			children = (
				8A752344978A7692AE8B7D2D /* AppDelegate.swift */,
				2B3E441871C76D261D3CB668 /* Assets.xcassets */,
				C0928722C577CE95F6978763 /* PKPMusicApp.swift */,
				AD96E6DFD62ACC396BA98756 /* CarPlay */,
				0EF10A45797BE1965B3FB188 /* Models */,
				7D5769E7148C90224347B610 /* ViewModels */,
				3EACDBCC8637F6EAD4076D10 /* Views */,
			);
			path = Shared;
			sourceTree = "<group>";
		};
		6CD5B993B14B7AA4B75F1F46 /* PKPMusic */ = {
			isa = PBXGroup;
			children = (
				8A2DE9A318F31838B0D5EDE6 /* Info.plist */,
				695D33B8743BB93D4445E503 /* Shared */,
			);
			path = PKPMusic;
			sourceTree = "<group>";
		};
		7D5769E7148C90224347B610 /* ViewModels */ = {
			isa = PBXGroup;
			children = (
				27736866012C88F63281274C /* AudioPlayerManager.swift */,
				92EBC5B752757F6697FF7DD5 /* AuthManager.swift */,
				B48C3C4D51AAACFE413EA6FA /* ChatManager.swift */,
				1BA201F39776718B485DA939 /* NetworkManager.swift */,
			);
			path = ViewModels;
			sourceTree = "<group>";
		};
		954BA68F5265A292D526393B /* Home */ = {
			isa = PBXGroup;
			children = (
				4779E9DDC46EC04145D6623E /* AlbumDetailView.swift */,
				E4B030288F2BE08F03700AA2 /* ArtistDetailView.swift */,
				FFD1D54F3DD0846C95829B65 /* HomeView.swift */,
				B1E1F098B3B481507E599268 /* MoodPlaylistsView.swift */,
			);
			path = Home;
			sourceTree = "<group>";
		};
		A7AB0A9B94A6277F24D6526D /* Main */ = {
			isa = PBXGroup;
			children = (
				34E815EF6CAAADE1B4A603F4 /* ContentView.swift */,
			);
			path = Main;
			sourceTree = "<group>";
		};
		AD96E6DFD62ACC396BA98756 /* CarPlay */ = {
			isa = PBXGroup;
			children = (
				3914972D938D7CE089F0B40F /* CarPlayManager.swift */,
				67FD19FB07A85633E97E889F /* CarPlaySceneDelegate.swift */,
			);
			path = CarPlay;
			sourceTree = "<group>";
		};
		C02DE1DDEB4544B93B3D4FFC /* Chat */ = {
			isa = PBXGroup;
			children = (
				53F4BF55E063DD353E4F8388 /* ChatDetailView.swift */,
				423B48BC5A2BD93EA1A20FBC /* ChatListView.swift */,
			);
			path = Chat;
			sourceTree = "<group>";
		};
		DDE84062BE82353083364D27 = {
			isa = PBXGroup;
			children = (
				6CD5B993B14B7AA4B75F1F46 /* PKPMusic */,
				5E45829FB4929B5B02B3D3B8 /* Products */,
			);
			sourceTree = "<group>";
		};
		FB723C9C38A8DEA794819787 /* Library */ = {
			isa = PBXGroup;
			children = (
				E6A6EA2C632A277807DE3540 /* LibraryView.swift */,
				7E748B6899C0D9FC56DED164 /* LocalAlbumDetailView.swift */,
				D6C5AA50FF0B6E4172757CE9 /* PlaylistDetailView.swift */,
			);
			path = Library;
			sourceTree = "<group>";
		};
/* End PBXGroup section */

/* Begin PBXNativeTarget section */
		64E9246B460D2C4339C48875 /* PKPMusic */ = {
			isa = PBXNativeTarget;
			buildConfigurationList = 543B8D4D6C1F1945559A0291 /* Build configuration list for PBXNativeTarget "PKPMusic" */;
			buildPhases = (
				EF8DEDCCA189C806B5E36B5B /* Sources */,
				0AF272BD5E7173D76DC2D2F0 /* Resources */,
			);
			buildRules = (
			);
			dependencies = (
			);
			name = PKPMusic;
			packageProductDependencies = (
			);
			productName = PKPMusic;
			productReference = 704E89C315B54C726945A735 /* PKPMusic.app */;
			productType = "com.apple.product-type.application";
		};
/* End PBXNativeTarget section */

/* Begin PBXProject section */
		37EB12EA0A565F3F3448476F /* Project object */ = {
			isa = PBXProject;
			attributes = {
				BuildIndependentTargetsInParallel = YES;
				LastUpgradeCheck = 1430;
			};
			buildConfigurationList = C00EB00E6E7F16811C7BF5E1 /* Build configuration list for PBXProject "PKPMusic" */;
			developmentRegion = en;
			hasScannedForEncodings = 0;
			knownRegions = (
				Base,
				en,
			);
			mainGroup = DDE84062BE82353083364D27;
			minimizedProjectReferenceProxies = 1;
			preferredProjectObjectVersion = 77;
			productRefGroup = 5E45829FB4929B5B02B3D3B8 /* Products */;
			projectDirPath = "";
			projectRoot = "";
			targets = (
				64E9246B460D2C4339C48875 /* PKPMusic */,
			);
		};
/* End PBXProject section */

/* Begin PBXResourcesBuildPhase section */
		0AF272BD5E7173D76DC2D2F0 /* Resources */ = {
			isa = PBXResourcesBuildPhase;
			buildActionMask = 2147483647;
			files = (
				D6F42A03E900AECC84948A14 /* Assets.xcassets in Resources */,
			);
			runOnlyForDeploymentPostprocessing = 0;
		};
/* End PBXResourcesBuildPhase section */

/* Begin PBXSourcesBuildPhase section */
		EF8DEDCCA189C806B5E36B5B /* Sources */ = {
			isa = PBXSourcesBuildPhase;
			buildActionMask = 2147483647;
			files = (
				057781B116A9462CBE11359E /* AlbumDetailView.swift in Sources */,
				B3A376C70FB000B9575940FB /* AppDelegate.swift in Sources */,
				0B68606081EA5CEC92AF43E7 /* ArtistDetailView.swift in Sources */,
				35AE60EB6D0E2970113EA176 /* AudioPlayerManager.swift in Sources */,
				72E5DA9EE3D08D484D578AEC /* AuthManager.swift in Sources */,
				4EB125A96F772AB4CB107B1C /* CarPlayManager.swift in Sources */,
				B91D1E0E47C5F53B39960BCC /* CarPlaySceneDelegate.swift in Sources */,
				7D21126AFF1157772F59652F /* ChatDetailView.swift in Sources */,
				E1B2E59D387B0A76DE45543F /* ChatListView.swift in Sources */,
				0A37C51C11314DA803953853 /* ChatManager.swift in Sources */,
				B3D553FCF3340C8CF9531205 /* ContentView.swift in Sources */,
				76CD6DB86A21DF663A5203C0 /* Dashboard.swift in Sources */,
				C39465C1D2629881343AC1A0 /* ForgotPasswordView.swift in Sources */,
				6B5877E7ED88D58088440A6E /* FullScreenPlayerView.swift in Sources */,
				AEDDBDCE7A9CCE65003CDBB3 /* HomeView.swift in Sources */,
				C9DB835A5A37197BE2053C40 /* LibraryView.swift in Sources */,
				9F37610BC62C85429D9F9683 /* LocalAlbumDetailView.swift in Sources */,
				8543B60241E2CFD100F25B0F /* LoginView.swift in Sources */,
				DA92A2F1FF490CC7F8E7A881 /* MiniPlayerView.swift in Sources */,
				90A37AD95A916A949FE428F6 /* MoodPlaylistsView.swift in Sources */,
				3BBA410EC893C76C19AF8C5E /* NetworkManager.swift in Sources */,
				4B48E646BA994DDE96FFB482 /* PKPMusicApp.swift in Sources */,
				772380740F172F20951F637D /* PlaceholderViews.swift in Sources */,
				4CB40B5E9B6BC30218FFAEF5 /* Playlist.swift in Sources */,
				2F9DC886815C5B0DCD413FF6 /* PlaylistDetailView.swift in Sources */,
				F45E75B249FB758A6211BFA6 /* RegisterView.swift in Sources */,
				904DAC352A7B3C1ED0D4EE0C /* Social.swift in Sources */,
				643B1D63B5D890A1EC76FEB2 /* Song.swift in Sources */,
				E5112B0075B3AEA60D045F24 /* SongRowView.swift in Sources */,
				1B6DDE0D046876A609766742 /* Theme.swift in Sources */,
				E38E5AEB8CEDF7DE1465C4F9 /* WebView.swift in Sources */,
				E484B3B3364C2AF009A7935F /* YouTube.swift in Sources */,
			);
			runOnlyForDeploymentPostprocessing = 0;
		};
/* End PBXSourcesBuildPhase section */

/* Begin XCBuildConfiguration section */
		17C0E324A2ED3DDEB6CF6820 /* Debug */ = {
			isa = XCBuildConfiguration;
			buildSettings = {
				ASSETCATALOG_COMPILER_APPICON_NAME = AppIcon;
				CODE_SIGN_IDENTITY = "iPhone Developer";
				DEVELOPMENT_TEAM = AZ2B652A3Q;
				ENABLE_PREVIEWS = YES;
				INFOPLIST_FILE = PKPMusic/Info.plist;
				IPHONEOS_DEPLOYMENT_TARGET = 15.0;
				LD_RUNPATH_SEARCH_PATHS = (
					"$(inherited)",
					"@executable_path/Frameworks",
				);
				PRODUCT_BUNDLE_IDENTIFIER = com.pottapavankumar.PKPMusic;
				SDKROOT = iphoneos;
				TARGETED_DEVICE_FAMILY = "1,2";
			};
			name = Debug;
		};
		57B929332567B531BDD55AFF /* Debug */ = {
			isa = XCBuildConfiguration;
			buildSettings = {
				ALWAYS_SEARCH_USER_PATHS = NO;
				CLANG_ANALYZER_NONNULL = YES;
				CLANG_ANALYZER_NUMBER_OBJECT_CONVERSION = YES_AGGRESSIVE;
				CLANG_CXX_LANGUAGE_STANDARD = "gnu++14";
				CLANG_CXX_LIBRARY = "libc++";
				CLANG_ENABLE_MODULES = YES;
				CLANG_ENABLE_OBJC_ARC = YES;
				CLANG_ENABLE_OBJC_WEAK = YES;
				CLANG_WARN_BLOCK_CAPTURE_AUTORELEASING = YES;
				CLANG_WARN_BOOL_CONVERSION = YES;
				CLANG_WARN_COMMA = YES;
				CLANG_WARN_CONSTANT_CONVERSION = YES;
				CLANG_WARN_DEPRECATED_OBJC_IMPLEMENTATIONS = YES;
				CLANG_WARN_DIRECT_OBJC_ISA_USAGE = YES_ERROR;
				CLANG_WARN_DOCUMENTATION_COMMENTS = YES;
				CLANG_WARN_EMPTY_BODY = YES;
				CLANG_WARN_ENUM_CONVERSION = YES;
				CLANG_WARN_INFINITE_RECURSION = YES;
				CLANG_WARN_INT_CONVERSION = YES;
				CLANG_WARN_NON_LITERAL_NULL_CONVERSION = YES;
				CLANG_WARN_OBJC_IMPLICIT_RETAIN_SELF = YES;
				CLANG_WARN_OBJC_LITERAL_CONVERSION = YES;
				CLANG_WARN_OBJC_ROOT_CLASS = YES_ERROR;
				CLANG_WARN_QUOTED_INCLUDE_IN_FRAMEWORK_HEADER = YES;
				CLANG_WARN_RANGE_LOOP_ANALYSIS = YES;
				CLANG_WARN_STRICT_PROTOTYPES = YES;
				CLANG_WARN_SUSPICIOUS_MOVE = YES;
				CLANG_WARN_UNGUARDED_AVAILABILITY = YES_AGGRESSIVE;
				CLANG_WARN_UNREACHABLE_CODE = YES;
				CLANG_WARN__DUPLICATE_METHOD_MATCH = YES;
				COPY_PHASE_STRIP = NO;
				DEBUG_INFORMATION_FORMAT = dwarf;
				ENABLE_STRICT_OBJC_MSGSEND = YES;
				ENABLE_TESTABILITY = YES;
				GCC_C_LANGUAGE_STANDARD = gnu11;
				GCC_DYNAMIC_NO_PIC = NO;
				GCC_NO_COMMON_BLOCKS = YES;
				GCC_OPTIMIZATION_LEVEL = 0;
				GCC_PREPROCESSOR_DEFINITIONS = (
					"$(inherited)",
					"DEBUG=1",
				);
				GCC_WARN_64_TO_32_BIT_CONVERSION = YES;
				GCC_WARN_ABOUT_RETURN_TYPE = YES_ERROR;
				GCC_WARN_UNDECLARED_SELECTOR = YES;
				GCC_WARN_UNINITIALIZED_AUTOS = YES_AGGRESSIVE;
				GCC_WARN_UNUSED_FUNCTION = YES;
				GCC_WARN_UNUSED_VARIABLE = YES;
				IPHONEOS_DEPLOYMENT_TARGET = 15.0;
				MACOSX_DEPLOYMENT_TARGET = 12.0;
				MTL_ENABLE_DEBUG_INFO = INCLUDE_SOURCE;
				MTL_FAST_MATH = YES;
				ONLY_ACTIVE_ARCH = YES;
				PRODUCT_NAME = "$(TARGET_NAME)";
				SDKROOT = iphoneos;
				SWIFT_ACTIVE_COMPILATION_CONDITIONS = DEBUG;
				SWIFT_OPTIMIZATION_LEVEL = "-Onone";
				SWIFT_VERSION = 5.0;
			};
			name = Debug;
		};
		8E831355347949D8FFC6631D /* Release */ = {
			isa = XCBuildConfiguration;
			buildSettings = {
				ASSETCATALOG_COMPILER_APPICON_NAME = AppIcon;
				CODE_SIGN_IDENTITY = "iPhone Developer";
				DEVELOPMENT_TEAM = AZ2B652A3Q;
				ENABLE_PREVIEWS = YES;
				INFOPLIST_FILE = PKPMusic/Info.plist;
				IPHONEOS_DEPLOYMENT_TARGET = 15.0;
				LD_RUNPATH_SEARCH_PATHS = (
					"$(inherited)",
					"@executable_path/Frameworks",
				);
				PRODUCT_BUNDLE_IDENTIFIER = com.pottapavankumar.PKPMusic;
				SDKROOT = iphoneos;
				TARGETED_DEVICE_FAMILY = "1,2";
			};
			name = Release;
		};
		A1D8030F7A686F8197A85D32 /* Release */ = {
			isa = XCBuildConfiguration;
			buildSettings = {
				ALWAYS_SEARCH_USER_PATHS = NO;
				CLANG_ANALYZER_NONNULL = YES;
				CLANG_ANALYZER_NUMBER_OBJECT_CONVERSION = YES_AGGRESSIVE;
				CLANG_CXX_LANGUAGE_STANDARD = "gnu++14";
				CLANG_CXX_LIBRARY = "libc++";
				CLANG_ENABLE_MODULES = YES;
				CLANG_ENABLE_OBJC_ARC = YES;
				CLANG_ENABLE_OBJC_WEAK = YES;
				CLANG_WARN_BLOCK_CAPTURE_AUTORELEASING = YES;
				CLANG_WARN_BOOL_CONVERSION = YES;
				CLANG_WARN_COMMA = YES;
				CLANG_WARN_CONSTANT_CONVERSION = YES;
				CLANG_WARN_DEPRECATED_OBJC_IMPLEMENTATIONS = YES;
				CLANG_WARN_DIRECT_OBJC_ISA_USAGE = YES_ERROR;
				CLANG_WARN_DOCUMENTATION_COMMENTS = YES;
				CLANG_WARN_EMPTY_BODY = YES;
				CLANG_WARN_ENUM_CONVERSION = YES;
				CLANG_WARN_INFINITE_RECURSION = YES;
				CLANG_WARN_INT_CONVERSION = YES;
				CLANG_WARN_NON_LITERAL_NULL_CONVERSION = YES;
				CLANG_WARN_OBJC_IMPLICIT_RETAIN_SELF = YES;
				CLANG_WARN_OBJC_LITERAL_CONVERSION = YES;
				CLANG_WARN_OBJC_ROOT_CLASS = YES_ERROR;
				CLANG_WARN_QUOTED_INCLUDE_IN_FRAMEWORK_HEADER = YES;
				CLANG_WARN_RANGE_LOOP_ANALYSIS = YES;
				CLANG_WARN_STRICT_PROTOTYPES = YES;
				CLANG_WARN_SUSPICIOUS_MOVE = YES;
				CLANG_WARN_UNGUARDED_AVAILABILITY = YES_AGGRESSIVE;
				CLANG_WARN_UNREACHABLE_CODE = YES;
				CLANG_WARN__DUPLICATE_METHOD_MATCH = YES;
				COPY_PHASE_STRIP = NO;
				DEBUG_INFORMATION_FORMAT = "dwarf-with-dsym";
				ENABLE_NS_ASSERTIONS = NO;
				ENABLE_STRICT_OBJC_MSGSEND = YES;
				GCC_C_LANGUAGE_STANDARD = gnu11;
				GCC_NO_COMMON_BLOCKS = YES;
				GCC_WARN_64_TO_32_BIT_CONVERSION = YES;
				GCC_WARN_ABOUT_RETURN_TYPE = YES_ERROR;
				GCC_WARN_UNDECLARED_SELECTOR = YES;
				GCC_WARN_UNINITIALIZED_AUTOS = YES_AGGRESSIVE;
				GCC_WARN_UNUSED_FUNCTION = YES;
				GCC_WARN_UNUSED_VARIABLE = YES;
				IPHONEOS_DEPLOYMENT_TARGET = 15.0;
				MACOSX_DEPLOYMENT_TARGET = 12.0;
				MTL_ENABLE_DEBUG_INFO = NO;
				MTL_FAST_MATH = YES;
				PRODUCT_NAME = "$(TARGET_NAME)";
				SDKROOT = iphoneos;
				SWIFT_COMPILATION_MODE = wholemodule;
				SWIFT_OPTIMIZATION_LEVEL = "-O";
				SWIFT_VERSION = 5.0;
			};
			name = Release;
		};
/* End XCBuildConfiguration section */

/* Begin XCConfigurationList section */
		543B8D4D6C1F1945559A0291 /* Build configuration list for PBXNativeTarget "PKPMusic" */ = {
			isa = XCConfigurationList;
			buildConfigurations = (
				17C0E324A2ED3DDEB6CF6820 /* Debug */,
				8E831355347949D8FFC6631D /* Release */,
			);
			defaultConfigurationIsVisible = 0;
			defaultConfigurationName = Debug;
		};
		C00EB00E6E7F16811C7BF5E1 /* Build configuration list for PBXProject "PKPMusic" */ = {
			isa = XCConfigurationList;
			buildConfigurations = (
				57B929332567B531BDD55AFF /* Debug */,
				A1D8030F7A686F8197A85D32 /* Release */,
			);
			defaultConfigurationIsVisible = 0;
			defaultConfigurationName = Debug;
		};
/* End XCConfigurationList section */
	};
	rootObject = 37EB12EA0A565F3F3448476F /* Project object */;
}
